
Microsoft Visual Studio Solution File, Format Version 12.00
# Visual Studio Version 17
VisualStudioVersion = 17.4.32804.182
MinimumVisualStudioVersion = 10.0.40219.1
Project("{FAE04EC0-301F-11D3-BF4B-00C04F79EFBC}") = "ce205-hw4-needleman-smith-hunt", "ce205-hw4-needleman-smith-hunt\ce205-hw4-needleman-smith-hunt.csproj", "{B38433A7-CB2C-41AF-BCE7-4DE923B46C10}"
EndProject
Project("{FAE04EC0-301F-11D3-BF4B-00C04F79EFBC}") = "ce205-hw4-knuth-horspool-boyer", "ce205-hw4-knuth-horspool-boyer\ce205-hw4-knuth-horspool-boyer.csproj", "{4A377A02-76BB-48C1-93DF-55C740BF21CE}"
EndProject
Project("{FAE04EC0-301F-11D3-BF4B-00C04F79EFBC}") = "ce205-hw4-test-cs", "ce205-hw4-test\ce205-hw4-test-cs.csproj", "{C8472845-314D-4D5A-A348-F57B60CC1495}"
EndProject
Project("{FAE04EC0-301F-11D3-BF4B-00C04F79EFBC}") = "ce205-hw4-application-cs", "ce205-hw4-application-cs\ce205-hw4-application-cs.csproj", "{72CC6DDB-41EB-4D3D-815E-AFA304983CEB}"
EndProject
Project("{FAE04EC0-301F-11D3-BF4B-00C04F79EFBC}") = "ce205-hw4-trie", "ce205-hw4-trie\ce205-hw4-trie.csproj", "{EB8534B3-4033-4116-B28F-F1CDBFF931A6}"
EndProject
Global
	GlobalSection(SolutionConfigurationPlatforms) = preSolution
		Debug|Any CPU = Debug|Any CPU
		Release|Any CPU = Release|Any CPU
	EndGlobalSection
	GlobalSection(ProjectConfigurationPlatforms) = postSolution
		{B38433A7-CB2C-41AF-BCE7-4DE923B46C10}.Debug|Any CPU.ActiveCfg = Debug|Any CPU
		{B38433A7-CB2C-41AF-BCE7-4DE923B46C10}.Debug|Any CPU.Build.0 = Debug|Any CPU
		{B38433A7-CB2C-41AF-BCE7-4DE923B46C10}.Release|Any CPU.ActiveCfg = Release|Any CPU
		{B38433A7-CB2C-41AF-BCE7-4DE923B46C10}.Release|Any CPU.Build.0 = Release|Any CPU
		{4A377A02-76BB-48C1-93DF-55C740BF21CE}.Debug|Any CPU.ActiveCfg = Debug|Any CPU
		{4A377A02-76BB-48C1-93DF-55C740BF21CE}.Debug|Any CPU.Build.0 = Debug|Any CPU
		{4A377A02-76BB-48C1-93DF-55C740BF21CE}.Release|Any CPU.ActiveCfg = Release|Any CPU
		{4A377A02-76BB-48C1-93DF-55C740BF21CE}.Release|Any CPU.Build.0 = Release|Any CPU
		{C8472845-314D-4D5A-A348-F57B60CC1495}.Debug|Any CPU.ActiveCfg = Debug|Any CPU
		{C8472845-314D-4D5A-A348-F57B60CC1495}.Debug|Any CPU.Build.0 = Debug|Any CPU
		{C8472845-314D-4D5A-A348-F57B60CC1495}.Release|Any CPU.ActiveCfg = Release|Any CPU
		{C8472845-314D-4D5A-A348-F57B60CC1495}.Release|Any CPU.Build.0 = Release|Any CPU
		{72CC6DDB-41EB-4D3D-815E-AFA304983CEB}.Debug|Any CPU.ActiveCfg = Debug|Any CPU
		{72CC6DDB-41EB-4D3D-815E-AFA304983CEB}.Debug|Any CPU.Build.0 = Debug|Any CPU
		{72CC6DDB-41EB-4D3D-815E-AFA304983CEB}.Release|Any CPU.ActiveCfg = Release|Any CPU
		{72CC6DDB-41EB-4D3D-815E-AFA304983CEB}.Release|Any CPU.Build.0 = Release|Any CPU
		{EB8534B3-4033-4116-B28F-F1CDBFF931A6}.Debug|Any CPU.ActiveCfg = Debug|Any CPU
		{EB8534B3-4033-4116-B28F-F1CDBFF931A6}.Debug|Any CPU.Build.0 = Debug|Any CPU
		{EB8534B3-4033-4116-B28F-F1CDBFF931A6}.Release|Any CPU.ActiveCfg = Release|Any CPU
		{EB8534B3-4033-4116-B28F-F1CDBFF931A6}.Release|Any CPU.Build.0 = Release|Any CPU
	EndGlobalSection
	GlobalSection(SolutionProperties) = preSolution
		HideSolutionNode = FALSE
	EndGlobalSection
	GlobalSection(ExtensibilityGlobals) = postSolution
		SolutionGuid = {72891BAB-2535-4994-BF45-8C9EAF5C8465}
	EndGlobalSection
EndGlobal
